
Microsoft Visual Studio Solution File, Format Version 12.00
# Visual Studio Version 17
VisualStudioVersion = 17.14.36202.13
MinimumVisualStudioVersion = 10.0.40219.1
Project("{2150E333-8FDC-42A3-9474-1A3956D46DE8}") = "BuildingBlocks", "BuildingBlocks", "{A334FEE1-8C06-4BCC-A449-A82705C80FC9}"
EndProject
Project("{FAE04EC0-301F-11D3-BF4B-00C04F79EFBC}") = "BuildingBlocks", "BuildingBlocks\BuildingBlocks\BuildingBlocks.csproj", "{58E4C7E8-81FD-45B8-A7B9-F0E2EB9FC4F1}"
EndProject
Project("{2150E333-8FDC-42A3-9474-1A3956D46DE8}") = "Services", "Services", "{DAB40F6B-874E-4388-BB8E-C9B9C4870C3F}"
EndProject
Project("{2150E333-8FDC-42A3-9474-1A3956D46DE8}") = "Solution Items", "Solution Items", "{05F35BC2-92E1-45F4-84A5-75503071F3C0}"
	ProjectSection(SolutionItems) = preProject
		docker-compose.override.yml = docker-compose.override.yml
		docker-compose.yml = docker-compose.yml
		tye.yaml = tye.yaml
	EndProjectSection
EndProject
Project("{2150E333-8FDC-42A3-9474-1A3956D46DE8}") = "Ecommerce.Authentication", "Ecommerce.Authentication", "{1594A9E3-48BF-4B1D-A7FF-BDFCDD556874}"
EndProject
Project("{FAE04EC0-301F-11D3-BF4B-00C04F79EFBC}") = "Authentication.API", "Services\Ecommerce.Authentication\Authentication.API\Authentication.API.csproj", "{20D5CA78-4C22-48C9-948C-28ECD59BE93B}"
EndProject
Project("{FAE04EC0-301F-11D3-BF4B-00C04F79EFBC}") = "Authentication.Application", "Services\Ecommerce.Authentication\Authentication.Application\Authentication.Application.csproj", "{1BD2528D-8395-4217-BBF2-715CD16170E9}"
EndProject
Project("{FAE04EC0-301F-11D3-BF4B-00C04F79EFBC}") = "Authentication.Domain", "Services\Ecommerce.Authentication\Authentication.Domain\Authentication.Domain.csproj", "{B8ED7A44-2927-4FD1-ACF8-B8CA483898D2}"
EndProject
Project("{FAE04EC0-301F-11D3-BF4B-00C04F79EFBC}") = "Authentication.Infrastructure", "Services\Ecommerce.Authentication\Authentication.Infrastructure\Authentication.Infrastructure.csproj", "{1CCED30F-9013-4E73-8131-3738989751A5}"
EndProject
Project("{2150E333-8FDC-42A3-9474-1A3956D46DE8}") = "Ecommerce.Production", "Ecommerce.Production", "{02EA681E-C7D8-13C7-8484-4AC65E1B71E8}"
EndProject
Project("{FAE04EC0-301F-11D3-BF4B-00C04F79EFBC}") = "Production.Application", "Services\Ecommerce.Production\Production.Application\Production.Application.csproj", "{95EE8A6C-6901-49F4-BC42-540E2152F6B6}"
EndProject
Project("{FAE04EC0-301F-11D3-BF4B-00C04F79EFBC}") = "Production.Domain", "Services\Ecommerce.Production\Production.Domain\Production.Domain.csproj", "{87230ED3-42B6-45AD-87C7-809E91B50887}"
EndProject
Project("{FAE04EC0-301F-11D3-BF4B-00C04F79EFBC}") = "Production.Infrastructure", "Services\Ecommerce.Production\Production.Infrastructure\Production.Infrastructure.csproj", "{DA0F584F-50CE-4361-A43B-07AB02136CC9}"
EndProject
Project("{FAE04EC0-301F-11D3-BF4B-00C04F79EFBC}") = "Production.API", "Services\Ecommerce.Production\Production.API\Production.API.csproj", "{5E781DE4-03B6-401E-B41B-7D7ED2C9EF4B}"
EndProject
Project("{2150E333-8FDC-42A3-9474-1A3956D46DE8}") = "Ecommerce.Cart", "Ecommerce.Cart", "{B454F955-D705-4770-855A-E8630C0926FF}"
EndProject
Project("{FAE04EC0-301F-11D3-BF4B-00C04F79EFBC}") = "Cart.Application", "Services\Ecommerce.Cart\Cart.Application\Cart.Application.csproj", "{A0B2D2B3-4F06-4BED-8AAD-CCF8A409DC67}"
EndProject
Project("{FAE04EC0-301F-11D3-BF4B-00C04F79EFBC}") = "Cart.Infrastructure", "Services\Ecommerce.Cart\Cart.Infrastructure\Cart.Infrastructure.csproj", "{04CA7457-869B-4002-9605-0A73FAB62DF6}"
EndProject
Project("{FAE04EC0-301F-11D3-BF4B-00C04F79EFBC}") = "Cart.Domain", "Services\Ecommerce.Cart\Cart.Domain\Cart.Domain.csproj", "{EB8DB9C8-7AD1-4DA6-B589-387E422DB5B3}"
EndProject
Project("{2150E333-8FDC-42A3-9474-1A3956D46DE8}") = "Ecommerce.Ordering", "Ecommerce.Ordering", "{0E3B44B0-49FD-40BD-A529-6A3290D3442D}"
EndProject
Project("{FAE04EC0-301F-11D3-BF4B-00C04F79EFBC}") = "Order.API", "Services\Ecommerce.Order\Order.API\Order.API.csproj", "{3E280E6C-2EEB-4F0E-95AE-84B49C0D69DE}"
EndProject
Project("{FAE04EC0-301F-11D3-BF4B-00C04F79EFBC}") = "Order.Application", "Services\Ecommerce.Order\Order.Application\Order.Application.csproj", "{88FE55B3-4ED3-450A-8E32-2A7E059C781F}"
EndProject
Project("{FAE04EC0-301F-11D3-BF4B-00C04F79EFBC}") = "Order.Infrastructure", "Services\Ecommerce.Order\Order.Infrastructure\Order.Infrastructure.csproj", "{0D94544D-CBF9-4F50-9F7C-4C4EC6F26DA9}"
EndProject
Project("{FAE04EC0-301F-11D3-BF4B-00C04F79EFBC}") = "Cart.API", "Services\Ecommerce.Cart\Cart.API\Cart.API.csproj", "{66DE0291-BA3F-4EED-8FD0-B6DE56D15EB5}"
EndProject
Project("{FAE04EC0-301F-11D3-BF4B-00C04F79EFBC}") = "Order.Domain", "Services\Ecommerce.Order\Order.Domain\Order.Domain.csproj", "{CF96A3A7-4DD6-6631-D735-6C2A7123F723}"
EndProject
Project("{FAE04EC0-301F-11D3-BF4B-00C04F79EFBC}") = "BuildingBlocks.Messaging", "BuildingBlocks\BuildingBlocks.Messaging\BuildingBlocks.Messaging.csproj", "{E37E6606-D367-4E67-B98B-C2B6FD55856E}"
EndProject
Project("{2150E333-8FDC-42A3-9474-1A3956D46DE8}") = "Ecommerce.Notification", "Ecommerce.Notification", "{4A514FD2-9660-4993-8902-E4D5A3B1B5AE}"
EndProject
Project("{FAE04EC0-301F-11D3-BF4B-00C04F79EFBC}") = "Notification.API", "Services\Ecommerce.Notification\Notification.API\Notification.API.csproj", "{7FB9CEF4-8622-449E-A4F5-A6072136754D}"
EndProject
Project("{FAE04EC0-301F-11D3-BF4B-00C04F79EFBC}") = "Notification.BLL", "Services\Ecommerce.Notification\Notification.BLL\Notification.BLL.csproj", "{443EB7F7-FAA5-6068-21D4-A3748F0E1F24}"
EndProject
Project("{FAE04EC0-301F-11D3-BF4B-00C04F79EFBC}") = "Notification.Data", "Services\Ecommerce.Notification\Notification.Data\Notification.Data.csproj", "{F1DE900B-9283-5EA5-A024-C563094C09EC}"
EndProject
Project("{FAE04EC0-301F-11D3-BF4B-00C04F79EFBC}") = "Web", "Services\Ecommerce.Notification\Web\Web.csproj", "{EB75E005-E3C3-4BF5-A938-C3623A55506B}"
EndProject
Project("{2150E333-8FDC-42A3-9474-1A3956D46DE8}") = "Ecommerce.Email", "Ecommerce.Email", "{DF637376-8DC7-4A91-870E-95D148A092F8}"
EndProject
Project("{FAE04EC0-301F-11D3-BF4B-00C04F79EFBC}") = "Email.API", "Services\Ecommerce.Email\Email.API\Email.API.csproj", "{7483A633-B4BA-4D7A-BBF2-4CBD86FDCC91}"
EndProject
Project("{2150E333-8FDC-42A3-9474-1A3956D46DE8}") = "Gateways", "Gateways", "{E1D5C655-11DA-4A50-BF81-A8FEE9A81416}"
EndProject
Project("{FAE04EC0-301F-11D3-BF4B-00C04F79EFBC}") = "APIGateway", "Gateways\APIGateway\APIGateway.csproj", "{85205D77-E130-448C-862A-E768EFD1C119}"
EndProject
Project("{2150E333-8FDC-42A3-9474-1A3956D46DE8}") = "Tests", "Tests", "{ADA411C7-47C4-4301-BA8D-8879FC4349CA}"
EndProject
Project("{FAE04EC0-301F-11D3-BF4B-00C04F79EFBC}") = "XUnitTest", "XUnitTest\XUnitTest.csproj", "{1E69721D-C3C3-4317-AA11-050A440E4C14}"
EndProject
Global
	GlobalSection(SolutionConfigurationPlatforms) = preSolution
		Debug|Any CPU = Debug|Any CPU
		Release|Any CPU = Release|Any CPU
	EndGlobalSection
	GlobalSection(ProjectConfigurationPlatforms) = postSolution
		{58E4C7E8-81FD-45B8-A7B9-F0E2EB9FC4F1}.Debug|Any CPU.ActiveCfg = Debug|Any CPU
		{58E4C7E8-81FD-45B8-A7B9-F0E2EB9FC4F1}.Debug|Any CPU.Build.0 = Debug|Any CPU
		{58E4C7E8-81FD-45B8-A7B9-F0E2EB9FC4F1}.Release|Any CPU.ActiveCfg = Release|Any CPU
		{58E4C7E8-81FD-45B8-A7B9-F0E2EB9FC4F1}.Release|Any CPU.Build.0 = Release|Any CPU
		{20D5CA78-4C22-48C9-948C-28ECD59BE93B}.Debug|Any CPU.ActiveCfg = Debug|Any CPU
		{20D5CA78-4C22-48C9-948C-28ECD59BE93B}.Debug|Any CPU.Build.0 = Debug|Any CPU
		{20D5CA78-4C22-48C9-948C-28ECD59BE93B}.Release|Any CPU.ActiveCfg = Release|Any CPU
		{20D5CA78-4C22-48C9-948C-28ECD59BE93B}.Release|Any CPU.Build.0 = Release|Any CPU
		{1BD2528D-8395-4217-BBF2-715CD16170E9}.Debug|Any CPU.ActiveCfg = Debug|Any CPU
		{1BD2528D-8395-4217-BBF2-715CD16170E9}.Debug|Any CPU.Build.0 = Debug|Any CPU
		{1BD2528D-8395-4217-BBF2-715CD16170E9}.Release|Any CPU.ActiveCfg = Release|Any CPU
		{1BD2528D-8395-4217-BBF2-715CD16170E9}.Release|Any CPU.Build.0 = Release|Any CPU
		{B8ED7A44-2927-4FD1-ACF8-B8CA483898D2}.Debug|Any CPU.ActiveCfg = Debug|Any CPU
		{B8ED7A44-2927-4FD1-ACF8-B8CA483898D2}.Debug|Any CPU.Build.0 = Debug|Any CPU
		{B8ED7A44-2927-4FD1-ACF8-B8CA483898D2}.Release|Any CPU.ActiveCfg = Release|Any CPU
		{B8ED7A44-2927-4FD1-ACF8-B8CA483898D2}.Release|Any CPU.Build.0 = Release|Any CPU
		{1CCED30F-9013-4E73-8131-3738989751A5}.Debug|Any CPU.ActiveCfg = Debug|Any CPU
		{1CCED30F-9013-4E73-8131-3738989751A5}.Debug|Any CPU.Build.0 = Debug|Any CPU
		{1CCED30F-9013-4E73-8131-3738989751A5}.Release|Any CPU.ActiveCfg = Release|Any CPU
		{1CCED30F-9013-4E73-8131-3738989751A5}.Release|Any CPU.Build.0 = Release|Any CPU
		{95EE8A6C-6901-49F4-BC42-540E2152F6B6}.Debug|Any CPU.ActiveCfg = Debug|Any CPU
		{95EE8A6C-6901-49F4-BC42-540E2152F6B6}.Debug|Any CPU.Build.0 = Debug|Any CPU
		{95EE8A6C-6901-49F4-BC42-540E2152F6B6}.Release|Any CPU.ActiveCfg = Release|Any CPU
		{95EE8A6C-6901-49F4-BC42-540E2152F6B6}.Release|Any CPU.Build.0 = Release|Any CPU
		{87230ED3-42B6-45AD-87C7-809E91B50887}.Debug|Any CPU.ActiveCfg = Debug|Any CPU
		{87230ED3-42B6-45AD-87C7-809E91B50887}.Debug|Any CPU.Build.0 = Debug|Any CPU
		{87230ED3-42B6-45AD-87C7-809E91B50887}.Release|Any CPU.ActiveCfg = Release|Any CPU
		{87230ED3-42B6-45AD-87C7-809E91B50887}.Release|Any CPU.Build.0 = Release|Any CPU
		{DA0F584F-50CE-4361-A43B-07AB02136CC9}.Debug|Any CPU.ActiveCfg = Debug|Any CPU
		{DA0F584F-50CE-4361-A43B-07AB02136CC9}.Debug|Any CPU.Build.0 = Debug|Any CPU
		{DA0F584F-50CE-4361-A43B-07AB02136CC9}.Release|Any CPU.ActiveCfg = Release|Any CPU
		{DA0F584F-50CE-4361-A43B-07AB02136CC9}.Release|Any CPU.Build.0 = Release|Any CPU
		{5E781DE4-03B6-401E-B41B-7D7ED2C9EF4B}.Debug|Any CPU.ActiveCfg = Debug|Any CPU
		{5E781DE4-03B6-401E-B41B-7D7ED2C9EF4B}.Debug|Any CPU.Build.0 = Debug|Any CPU
		{5E781DE4-03B6-401E-B41B-7D7ED2C9EF4B}.Release|Any CPU.ActiveCfg = Release|Any CPU
		{5E781DE4-03B6-401E-B41B-7D7ED2C9EF4B}.Release|Any CPU.Build.0 = Release|Any CPU
		{A0B2D2B3-4F06-4BED-8AAD-CCF8A409DC67}.Debug|Any CPU.ActiveCfg = Debug|Any CPU
		{A0B2D2B3-4F06-4BED-8AAD-CCF8A409DC67}.Debug|Any CPU.Build.0 = Debug|Any CPU
		{A0B2D2B3-4F06-4BED-8AAD-CCF8A409DC67}.Release|Any CPU.ActiveCfg = Release|Any CPU
		{A0B2D2B3-4F06-4BED-8AAD-CCF8A409DC67}.Release|Any CPU.Build.0 = Release|Any CPU
		{04CA7457-869B-4002-9605-0A73FAB62DF6}.Debug|Any CPU.ActiveCfg = Debug|Any CPU
		{04CA7457-869B-4002-9605-0A73FAB62DF6}.Debug|Any CPU.Build.0 = Debug|Any CPU
		{04CA7457-869B-4002-9605-0A73FAB62DF6}.Release|Any CPU.ActiveCfg = Release|Any CPU
		{04CA7457-869B-4002-9605-0A73FAB62DF6}.Release|Any CPU.Build.0 = Release|Any CPU
		{EB8DB9C8-7AD1-4DA6-B589-387E422DB5B3}.Debug|Any CPU.ActiveCfg = Debug|Any CPU
		{EB8DB9C8-7AD1-4DA6-B589-387E422DB5B3}.Debug|Any CPU.Build.0 = Debug|Any CPU
		{EB8DB9C8-7AD1-4DA6-B589-387E422DB5B3}.Release|Any CPU.ActiveCfg = Release|Any CPU
		{EB8DB9C8-7AD1-4DA6-B589-387E422DB5B3}.Release|Any CPU.Build.0 = Release|Any CPU
		{3E280E6C-2EEB-4F0E-95AE-84B49C0D69DE}.Debug|Any CPU.ActiveCfg = Debug|Any CPU
		{3E280E6C-2EEB-4F0E-95AE-84B49C0D69DE}.Debug|Any CPU.Build.0 = Debug|Any CPU
		{3E280E6C-2EEB-4F0E-95AE-84B49C0D69DE}.Release|Any CPU.ActiveCfg = Release|Any CPU
		{3E280E6C-2EEB-4F0E-95AE-84B49C0D69DE}.Release|Any CPU.Build.0 = Release|Any CPU
		{88FE55B3-4ED3-450A-8E32-2A7E059C781F}.Debug|Any CPU.ActiveCfg = Debug|Any CPU
		{88FE55B3-4ED3-450A-8E32-2A7E059C781F}.Debug|Any CPU.Build.0 = Debug|Any CPU
		{88FE55B3-4ED3-450A-8E32-2A7E059C781F}.Release|Any CPU.ActiveCfg = Release|Any CPU
		{88FE55B3-4ED3-450A-8E32-2A7E059C781F}.Release|Any CPU.Build.0 = Release|Any CPU
		{0D94544D-CBF9-4F50-9F7C-4C4EC6F26DA9}.Debug|Any CPU.ActiveCfg = Debug|Any CPU
		{0D94544D-CBF9-4F50-9F7C-4C4EC6F26DA9}.Debug|Any CPU.Build.0 = Debug|Any CPU
		{0D94544D-CBF9-4F50-9F7C-4C4EC6F26DA9}.Release|Any CPU.ActiveCfg = Release|Any CPU
		{0D94544D-CBF9-4F50-9F7C-4C4EC6F26DA9}.Release|Any CPU.Build.0 = Release|Any CPU
		{66DE0291-BA3F-4EED-8FD0-B6DE56D15EB5}.Debug|Any CPU.ActiveCfg = Debug|Any CPU
		{66DE0291-BA3F-4EED-8FD0-B6DE56D15EB5}.Debug|Any CPU.Build.0 = Debug|Any CPU
		{66DE0291-BA3F-4EED-8FD0-B6DE56D15EB5}.Release|Any CPU.ActiveCfg = Release|Any CPU
		{66DE0291-BA3F-4EED-8FD0-B6DE56D15EB5}.Release|Any CPU.Build.0 = Release|Any CPU
		{CF96A3A7-4DD6-6631-D735-6C2A7123F723}.Debug|Any CPU.ActiveCfg = Debug|Any CPU
		{CF96A3A7-4DD6-6631-D735-6C2A7123F723}.Debug|Any CPU.Build.0 = Debug|Any CPU
		{CF96A3A7-4DD6-6631-D735-6C2A7123F723}.Release|Any CPU.ActiveCfg = Release|Any CPU
		{CF96A3A7-4DD6-6631-D735-6C2A7123F723}.Release|Any CPU.Build.0 = Release|Any CPU
		{E37E6606-D367-4E67-B98B-C2B6FD55856E}.Debug|Any CPU.ActiveCfg = Debug|Any CPU
		{E37E6606-D367-4E67-B98B-C2B6FD55856E}.Debug|Any CPU.Build.0 = Debug|Any CPU
		{E37E6606-D367-4E67-B98B-C2B6FD55856E}.Release|Any CPU.ActiveCfg = Release|Any CPU
		{E37E6606-D367-4E67-B98B-C2B6FD55856E}.Release|Any CPU.Build.0 = Release|Any CPU
		{7FB9CEF4-8622-449E-A4F5-A6072136754D}.Debug|Any CPU.ActiveCfg = Debug|Any CPU
		{7FB9CEF4-8622-449E-A4F5-A6072136754D}.Debug|Any CPU.Build.0 = Debug|Any CPU
		{7FB9CEF4-8622-449E-A4F5-A6072136754D}.Release|Any CPU.ActiveCfg = Release|Any CPU
		{7FB9CEF4-8622-449E-A4F5-A6072136754D}.Release|Any CPU.Build.0 = Release|Any CPU
		{443EB7F7-FAA5-6068-21D4-A3748F0E1F24}.Debug|Any CPU.ActiveCfg = Debug|Any CPU
		{443EB7F7-FAA5-6068-21D4-A3748F0E1F24}.Debug|Any CPU.Build.0 = Debug|Any CPU
		{443EB7F7-FAA5-6068-21D4-A3748F0E1F24}.Release|Any CPU.ActiveCfg = Release|Any CPU
		{443EB7F7-FAA5-6068-21D4-A3748F0E1F24}.Release|Any CPU.Build.0 = Release|Any CPU
		{F1DE900B-9283-5EA5-A024-C563094C09EC}.Debug|Any CPU.ActiveCfg = Debug|Any CPU
		{F1DE900B-9283-5EA5-A024-C563094C09EC}.Debug|Any CPU.Build.0 = Debug|Any CPU
		{F1DE900B-9283-5EA5-A024-C563094C09EC}.Release|Any CPU.ActiveCfg = Release|Any CPU
		{F1DE900B-9283-5EA5-A024-C563094C09EC}.Release|Any CPU.Build.0 = Release|Any CPU
		{EB75E005-E3C3-4BF5-A938-C3623A55506B}.Debug|Any CPU.ActiveCfg = Debug|Any CPU
		{EB75E005-E3C3-4BF5-A938-C3623A55506B}.Debug|Any CPU.Build.0 = Debug|Any CPU
		{EB75E005-E3C3-4BF5-A938-C3623A55506B}.Release|Any CPU.ActiveCfg = Release|Any CPU
		{EB75E005-E3C3-4BF5-A938-C3623A55506B}.Release|Any CPU.Build.0 = Release|Any CPU
		{7483A633-B4BA-4D7A-BBF2-4CBD86FDCC91}.Debug|Any CPU.ActiveCfg = Debug|Any CPU
		{7483A633-B4BA-4D7A-BBF2-4CBD86FDCC91}.Debug|Any CPU.Build.0 = Debug|Any CPU
		{7483A633-B4BA-4D7A-BBF2-4CBD86FDCC91}.Release|Any CPU.ActiveCfg = Release|Any CPU
		{7483A633-B4BA-4D7A-BBF2-4CBD86FDCC91}.Release|Any CPU.Build.0 = Release|Any CPU
		{85205D77-E130-448C-862A-E768EFD1C119}.Debug|Any CPU.ActiveCfg = Debug|Any CPU
		{85205D77-E130-448C-862A-E768EFD1C119}.Debug|Any CPU.Build.0 = Debug|Any CPU
		{85205D77-E130-448C-862A-E768EFD1C119}.Release|Any CPU.ActiveCfg = Release|Any CPU
		{85205D77-E130-448C-862A-E768EFD1C119}.Release|Any CPU.Build.0 = Release|Any CPU
		{1E69721D-C3C3-4317-AA11-050A440E4C14}.Debug|Any CPU.ActiveCfg = Debug|Any CPU
		{1E69721D-C3C3-4317-AA11-050A440E4C14}.Debug|Any CPU.Build.0 = Debug|Any CPU
		{1E69721D-C3C3-4317-AA11-050A440E4C14}.Release|Any CPU.ActiveCfg = Release|Any CPU
		{1E69721D-C3C3-4317-AA11-050A440E4C14}.Release|Any CPU.Build.0 = Release|Any CPU
	EndGlobalSection
	GlobalSection(SolutionProperties) = preSolution
		HideSolutionNode = FALSE
	EndGlobalSection
	GlobalSection(NestedProjects) = preSolution
		{58E4C7E8-81FD-45B8-A7B9-F0E2EB9FC4F1} = {A334FEE1-8C06-4BCC-A449-A82705C80FC9}
		{1594A9E3-48BF-4B1D-A7FF-BDFCDD556874} = {DAB40F6B-874E-4388-BB8E-C9B9C4870C3F}
		{20D5CA78-4C22-48C9-948C-28ECD59BE93B} = {1594A9E3-48BF-4B1D-A7FF-BDFCDD556874}
		{1BD2528D-8395-4217-BBF2-715CD16170E9} = {1594A9E3-48BF-4B1D-A7FF-BDFCDD556874}
		{B8ED7A44-2927-4FD1-ACF8-B8CA483898D2} = {1594A9E3-48BF-4B1D-A7FF-BDFCDD556874}
		{1CCED30F-9013-4E73-8131-3738989751A5} = {1594A9E3-48BF-4B1D-A7FF-BDFCDD556874}
		{02EA681E-C7D8-13C7-8484-4AC65E1B71E8} = {DAB40F6B-874E-4388-BB8E-C9B9C4870C3F}
		{95EE8A6C-6901-49F4-BC42-540E2152F6B6} = {02EA681E-C7D8-13C7-8484-4AC65E1B71E8}
		{87230ED3-42B6-45AD-87C7-809E91B50887} = {02EA681E-C7D8-13C7-8484-4AC65E1B71E8}
		{DA0F584F-50CE-4361-A43B-07AB02136CC9} = {02EA681E-C7D8-13C7-8484-4AC65E1B71E8}
		{5E781DE4-03B6-401E-B41B-7D7ED2C9EF4B} = {02EA681E-C7D8-13C7-8484-4AC65E1B71E8}
		{B454F955-D705-4770-855A-E8630C0926FF} = {DAB40F6B-874E-4388-BB8E-C9B9C4870C3F}
		{A0B2D2B3-4F06-4BED-8AAD-CCF8A409DC67} = {B454F955-D705-4770-855A-E8630C0926FF}
		{04CA7457-869B-4002-9605-0A73FAB62DF6} = {B454F955-D705-4770-855A-E8630C0926FF}
		{EB8DB9C8-7AD1-4DA6-B589-387E422DB5B3} = {B454F955-D705-4770-855A-E8630C0926FF}
		{0E3B44B0-49FD-40BD-A529-6A3290D3442D} = {DAB40F6B-874E-4388-BB8E-C9B9C4870C3F}
		{3E280E6C-2EEB-4F0E-95AE-84B49C0D69DE} = {0E3B44B0-49FD-40BD-A529-6A3290D3442D}
		{88FE55B3-4ED3-450A-8E32-2A7E059C781F} = {0E3B44B0-49FD-40BD-A529-6A3290D3442D}
		{0D94544D-CBF9-4F50-9F7C-4C4EC6F26DA9} = {0E3B44B0-49FD-40BD-A529-6A3290D3442D}
		{66DE0291-BA3F-4EED-8FD0-B6DE56D15EB5} = {B454F955-D705-4770-855A-E8630C0926FF}
		{CF96A3A7-4DD6-6631-D735-6C2A7123F723} = {0E3B44B0-49FD-40BD-A529-6A3290D3442D}
		{E37E6606-D367-4E67-B98B-C2B6FD55856E} = {A334FEE1-8C06-4BCC-A449-A82705C80FC9}
		{4A514FD2-9660-4993-8902-E4D5A3B1B5AE} = {DAB40F6B-874E-4388-BB8E-C9B9C4870C3F}
		{7FB9CEF4-8622-449E-A4F5-A6072136754D} = {4A514FD2-9660-4993-8902-E4D5A3B1B5AE}
		{443EB7F7-FAA5-6068-21D4-A3748F0E1F24} = {4A514FD2-9660-4993-8902-E4D5A3B1B5AE}
		{F1DE900B-9283-5EA5-A024-C563094C09EC} = {4A514FD2-9660-4993-8902-E4D5A3B1B5AE}
		{EB75E005-E3C3-4BF5-A938-C3623A55506B} = {4A514FD2-9660-4993-8902-E4D5A3B1B5AE}
		{DF637376-8DC7-4A91-870E-95D148A092F8} = {DAB40F6B-874E-4388-BB8E-C9B9C4870C3F}
		{7483A633-B4BA-4D7A-BBF2-4CBD86FDCC91} = {DF637376-8DC7-4A91-870E-95D148A092F8}
		{85205D77-E130-448C-862A-E768EFD1C119} = {E1D5C655-11DA-4A50-BF81-A8FEE9A81416}
		{1E69721D-C3C3-4317-AA11-050A440E4C14} = {ADA411C7-47C4-4301-BA8D-8879FC4349CA}
	EndGlobalSection
	GlobalSection(ExtensibilityGlobals) = postSolution
		SolutionGuid = {2F316032-A9BC-45C6-992F-C1B365C6CFC8}
	EndGlobalSection
EndGlobal
